// !$*UTF8*$!
{
	archiveVersion = 1;
	classes = {
	};
	objectVersion = 46;
	objects = {

/* Begin PBXBuildFile section */
		2832D37C1BF27B7E007E235A /* GRDLifeBox.xib in Resources */ = {isa = PBXBuildFile; fileRef = 2832D37B1BF27B7E007E235A /* GRDLifeBox.xib */; };
		2832D37E1BF27B8B007E235A /* GRDScoreBox.xib in Resources */ = {isa = PBXBuildFile; fileRef = 2832D37D1BF27B8B007E235A /* GRDScoreBox.xib */; };
		2832D3801BF27BB4007E235A /* GRDTimeBox.xib in Resources */ = {isa = PBXBuildFile; fileRef = 2832D37F1BF27BB4007E235A /* GRDTimeBox.xib */; };
		2832D3861BF27BFD007E235A /* GRDFunctionBox.m in Sources */ = {isa = PBXBuildFile; fileRef = 2832D3851BF27BFD007E235A /* GRDFunctionBox.m */; };
		28E8ED6E1BBC8110009FED2A /* GRDTutorialView.xib in Resources */ = {isa = PBXBuildFile; fileRef = 28E8ED6D1BBC8110009FED2A /* GRDTutorialView.xib */; };
		28EBB9AA1BF24E18006B5DB0 /* GRDPrimeView.xib in Resources */ = {isa = PBXBuildFile; fileRef = 28EBB9A91BF24E18006B5DB0 /* GRDPrimeView.xib */; };
		28EBB9AD1BF24ECF006B5DB0 /* GRDPrimeView.m in Sources */ = {isa = PBXBuildFile; fileRef = 28EBB9AC1BF24ECF006B5DB0 /* GRDPrimeView.m */; };
		F89B68A39FF57B3CF89BBDEE /* libPods-gridder.a in Frameworks */ = {isa = PBXBuildFile; fileRef = 7EB863B65DEC5C08C1A35807 /* libPods-gridder.a */; };
		FA03797A1791CA7600BF5251 /* GRDHowToPlay.m in Sources */ = {isa = PBXBuildFile; fileRef = FA0379791791CA7600BF5251 /* GRDHowToPlay.m */; };
		FA03797D1791E03F00BF5251 /* GRDCredits.m in Sources */ = {isa = PBXBuildFile; fileRef = FA03797C1791E03F00BF5251 /* GRDCredits.m */; };
		FA0379801791E19400BF5251 /* GRDHighScores.m in Sources */ = {isa = PBXBuildFile; fileRef = FA03797F1791E19400BF5251 /* GRDHighScores.m */; };
		FA07DE2417FE5C100021F2F7 /* arrow-big-01.png in Resources */ = {isa = PBXBuildFile; fileRef = FA07DE2317FE5C100021F2F7 /* arrow-big-01.png */; };
		FA07DE2617FEB1EC0021F2F7 /* rank.png in Resources */ = {isa = PBXBuildFile; fileRef = FA07DE2517FEB1EC0021F2F7 /* rank.png */; };
		FA07DE2817FFAD000021F2F7 /* speaker-off.png in Resources */ = {isa = PBXBuildFile; fileRef = FA07DE2717FFAD000021F2F7 /* speaker-off.png */; };
		FA07DE31180002CC0021F2F7 /* GRDGlassSquare.m in Sources */ = {isa = PBXBuildFile; fileRef = FA07DE30180002CC0021F2F7 /* GRDGlassSquare.m */; };
		FA07DE3418000A9A0021F2F7 /* shatter.wav in Resources */ = {isa = PBXBuildFile; fileRef = FA07DE3218000A9A0021F2F7 /* shatter.wav */; };
		FA07DE3518000A9A0021F2F7 /* bump.wav in Resources */ = {isa = PBXBuildFile; fileRef = FA07DE3318000A9A0021F2F7 /* bump.wav */; };
		FA13D1DC17FAC2D90009AFE9 /* GRDCore.m in Sources */ = {isa = PBXBuildFile; fileRef = FA13D1DB17FAC2D90009AFE9 /* GRDCore.m */; };
		FA13D1DE17FD52330009AFE9 /* menutheme.mp3 in Resources */ = {isa = PBXBuildFile; fileRef = FA13D1DD17FD52330009AFE9 /* menutheme.mp3 */; };
		FA13D1E017FD6CDE0009AFE9 /* v3_icon_score.png in Resources */ = {isa = PBXBuildFile; fileRef = FA13D1DF17FD6CDE0009AFE9 /* v3_icon_score.png */; };
		FA13D1E217FD6CE60009AFE9 /* hammer.png in Resources */ = {isa = PBXBuildFile; fileRef = FA13D1E117FD6CE60009AFE9 /* hammer.png */; };
		FA13D1E417FD93BE0009AFE9 /* race-flag.png in Resources */ = {isa = PBXBuildFile; fileRef = FA13D1E317FD93BE0009AFE9 /* race-flag.png */; };
		FA1BABA4178D856F00FEC33A /* UIKit.framework in Frameworks */ = {isa = PBXBuildFile; fileRef = FA1BABA3178D856F00FEC33A /* UIKit.framework */; };
		FA1BABA6178D856F00FEC33A /* Foundation.framework in Frameworks */ = {isa = PBXBuildFile; fileRef = FA1BABA5178D856F00FEC33A /* Foundation.framework */; };
		FA1BABA8178D857000FEC33A /* CoreGraphics.framework in Frameworks */ = {isa = PBXBuildFile; fileRef = FA1BABA7178D856F00FEC33A /* CoreGraphics.framework */; };
		FA1BABB0178D857000FEC33A /* main.m in Sources */ = {isa = PBXBuildFile; fileRef = FA1BABAF178D857000FEC33A /* main.m */; };
		FA1BABBD178D857000FEC33A /* MainStoryboard.storyboard in Resources */ = {isa = PBXBuildFile; fileRef = FA1BABBB178D857000FEC33A /* MainStoryboard.storyboard */; };
		FA1BABC0178D857000FEC33A /* GRDViewController.m in Sources */ = {isa = PBXBuildFile; fileRef = FA1BABBF178D857000FEC33A /* GRDViewController.m */; };
		FA1BABCA178DE20900FEC33A /* GRDSquare.m in Sources */ = {isa = PBXBuildFile; fileRef = FA1BABC9178DE20900FEC33A /* GRDSquare.m */; };
		FA1BABCE178F4F0300FEC33A /* v3_icon_lives.png in Resources */ = {isa = PBXBuildFile; fileRef = FA1BABCD178F4F0300FEC33A /* v3_icon_lives.png */; };
		FA1BABD61790023A00FEC33A /* AVFoundation.framework in Frameworks */ = {isa = PBXBuildFile; fileRef = FA1BABD51790023A00FEC33A /* AVFoundation.framework */; };
		FA1BABE11790478B00FEC33A /* GRDMenu.m in Sources */ = {isa = PBXBuildFile; fileRef = FA1BABE01790478B00FEC33A /* GRDMenu.m */; };
		FA1BABE817905F2200FEC33A /* GRDGameOverScreen.m in Sources */ = {isa = PBXBuildFile; fileRef = FA1BABE717905F2200FEC33A /* GRDGameOverScreen.m */; };
		FA1BABF21790BB2E00FEC33A /* QuartzCore.framework in Frameworks */ = {isa = PBXBuildFile; fileRef = FA1BABF11790BB2E00FEC33A /* QuartzCore.framework */; };
		FA1BAC08179151C000FEC33A /* clock.png in Resources */ = {isa = PBXBuildFile; fileRef = FA1BAC07179151C000FEC33A /* clock.png */; };
		FA1BAC0A1791528500FEC33A /* clock-icon.png in Resources */ = {isa = PBXBuildFile; fileRef = FA1BAC091791528500FEC33A /* clock-icon.png */; };
		FA1BAC0C1791530000FEC33A /* speaker-on.png in Resources */ = {isa = PBXBuildFile; fileRef = FA1BAC0B1791530000FEC33A /* speaker-on.png */; };
		FA1BAC10179165F100FEC33A /* lifegained.wav in Resources */ = {isa = PBXBuildFile; fileRef = FA1BAC0F179165F100FEC33A /* lifegained.wav */; };
		FA1BAC12179165F700FEC33A /* menubeep.wav in Resources */ = {isa = PBXBuildFile; fileRef = FA1BAC11179165F700FEC33A /* menubeep.wav */; };
		FA1BAC14179165FE00FEC33A /* gameover.wav in Resources */ = {isa = PBXBuildFile; fileRef = FA1BAC13179165FE00FEC33A /* gameover.wav */; };
		FA1BAC161791660400FEC33A /* clocknoise.wav in Resources */ = {isa = PBXBuildFile; fileRef = FA1BAC151791660400FEC33A /* clocknoise.wav */; };
		FA1BAC181791694600FEC33A /* menubeep2.wav in Resources */ = {isa = PBXBuildFile; fileRef = FA1BAC171791694600FEC33A /* menubeep2.wav */; };
		FA1BAC1A17916ADE00FEC33A /* inverseMode.png in Resources */ = {isa = PBXBuildFile; fileRef = FA1BAC1917916ADE00FEC33A /* inverseMode.png */; };
		FA1BAC211791ADB300FEC33A /* negativebeep.wav in Resources */ = {isa = PBXBuildFile; fileRef = FA1BAC1D1791ADB200FEC33A /* negativebeep.wav */; };
		FA1BAC221791ADB300FEC33A /* playtheme.mp3 in Resources */ = {isa = PBXBuildFile; fileRef = FA1BAC1E1791ADB300FEC33A /* playtheme.mp3 */; };
		FA1BAC231791ADB300FEC33A /* press.wav in Resources */ = {isa = PBXBuildFile; fileRef = FA1BAC1F1791ADB300FEC33A /* press.wav */; };
		FA1BAC241791ADB300FEC33A /* pulse.wav in Resources */ = {isa = PBXBuildFile; fileRef = FA1BAC201791ADB300FEC33A /* pulse.wav */; };
		FA1BAC2D1791AE2A00FEC33A /* pause.png in Resources */ = {isa = PBXBuildFile; fileRef = FA1BAC2B1791AE2A00FEC33A /* pause.png */; };
		FA1BAC2E1791AE2A00FEC33A /* play.png in Resources */ = {isa = PBXBuildFile; fileRef = FA1BAC2C1791AE2A00FEC33A /* play.png */; };
		FA4B862D18C17BA8001138D0 /* CoreText.framework in Frameworks */ = {isa = PBXBuildFile; fileRef = FA4B862C18C17BA8001138D0 /* CoreText.framework */; };
		FA5D28F619A0F0F600075314 /* GRDAppDelegate.m in Sources */ = {isa = PBXBuildFile; fileRef = FA5D28F519A0F0F600075314 /* GRDAppDelegate.m */; };
		FA6FA04E180045EF00F76161 /* Ice1.png in Resources */ = {isa = PBXBuildFile; fileRef = FA6FA04D180045EF00F76161 /* Ice1.png */; };
		FA6FA0511800471600F76161 /* Ice2.png in Resources */ = {isa = PBXBuildFile; fileRef = FA6FA04F1800471600F76161 /* Ice2.png */; };
		FA6FA0521800471600F76161 /* Ice3.png in Resources */ = {isa = PBXBuildFile; fileRef = FA6FA0501800471600F76161 /* Ice3.png */; };
		FA7D5AD41801141C004011D4 /* GRDSoundPlayer.m in Sources */ = {isa = PBXBuildFile; fileRef = FA7D5AD31801141C004011D4 /* GRDSoundPlayer.m */; };
		FA7D5AD618050190004011D4 /* GameKit.framework in Frameworks */ = {isa = PBXBuildFile; fileRef = FA7D5AD518050190004011D4 /* GameKit.framework */; };
		FA7D5ADA18050C46004011D4 /* GameCenterManager.m in Sources */ = {isa = PBXBuildFile; fileRef = FA7D5AD9180509B7004011D4 /* GameCenterManager.m */; settings = {COMPILER_FLAGS = "-fno-objc-arc"; }; };
		FA7D5AE018051847004011D4 /* chess-castle.png in Resources */ = {isa = PBXBuildFile; fileRef = FA7D5ADF18051847004011D4 /* chess-castle.png */; };
		FA7D5AE21805189E004011D4 /* graduation-cap.png in Resources */ = {isa = PBXBuildFile; fileRef = FA7D5AE11805189E004011D4 /* graduation-cap.png */; };
		FA7D5AE4180539CB004011D4 /* email.png in Resources */ = {isa = PBXBuildFile; fileRef = FA7D5AE3180539CB004011D4 /* email.png */; };
		FA7D5AE618053FB6004011D4 /* MessageUI.framework in Frameworks */ = {isa = PBXBuildFile; fileRef = FA7D5AE518053FB5004011D4 /* MessageUI.framework */; };
		FA93E80C1ABEEA8C008F5806 /* GRDPrimeViewController.m in Sources */ = {isa = PBXBuildFile; fileRef = FA93E80B1ABEEA8C008F5806 /* GRDPrimeViewController.m */; };
		FA93E8191AC49FC2008F5806 /* Podfile in Resources */ = {isa = PBXBuildFile; fileRef = FA93E8181AC49FC2008F5806 /* Podfile */; };
		FA93E81C1ACF37E8008F5806 /* pop.wav in Resources */ = {isa = PBXBuildFile; fileRef = FA93E81B1ACF37E8008F5806 /* pop.wav */; };
		FA93E8211ACF4802008F5806 /* pop2.wav in Resources */ = {isa = PBXBuildFile; fileRef = FA93E8201ACF4802008F5806 /* pop2.wav */; };
		FA93E8231ACF4943008F5806 /* match.wav in Resources */ = {isa = PBXBuildFile; fileRef = FA93E8221ACF4943008F5806 /* match.wav */; };
		FA93E8291AD2A67C008F5806 /* GRDAnimator.m in Sources */ = {isa = PBXBuildFile; fileRef = FA93E8281AD2A67C008F5806 /* GRDAnimator.m */; };
		FA93E82C1AD2EBA0008F5806 /* GRDParticleEmitter.m in Sources */ = {isa = PBXBuildFile; fileRef = FA93E82B1AD2EBA0008F5806 /* GRDParticleEmitter.m */; };
		FA93E82E1AD2ED63008F5806 /* v3_particle.png in Resources */ = {isa = PBXBuildFile; fileRef = FA93E82D1AD2ED63008F5806 /* v3_particle.png */; };
		FADB43A21ABDC63E003E8C88 /* GRDSquare.xib in Resources */ = {isa = PBXBuildFile; fileRef = FADB43A11ABDC63E003E8C88 /* GRDSquare.xib */; };
		FAF687041ABDDFED00915381 /* Images.xcassets in Resources */ = {isa = PBXBuildFile; fileRef = FAF687031ABDDFED00915381 /* Images.xcassets */; };
/* End PBXBuildFile section */

/* Begin PBXFileReference section */
		2832D37B1BF27B7E007E235A /* GRDLifeBox.xib */ = {isa = PBXFileReference; fileEncoding = 4; lastKnownFileType = file.xib; path = GRDLifeBox.xib; sourceTree = "<group>"; };
		2832D37D1BF27B8B007E235A /* GRDScoreBox.xib */ = {isa = PBXFileReference; fileEncoding = 4; lastKnownFileType = file.xib; path = GRDScoreBox.xib; sourceTree = "<group>"; };
		2832D37F1BF27BB4007E235A /* GRDTimeBox.xib */ = {isa = PBXFileReference; fileEncoding = 4; lastKnownFileType = file.xib; path = GRDTimeBox.xib; sourceTree = "<group>"; };
		2832D3841BF27BFD007E235A /* GRDFunctionBox.h */ = {isa = PBXFileReference; fileEncoding = 4; lastKnownFileType = sourcecode.c.h; path = GRDFunctionBox.h; sourceTree = "<group>"; };
		2832D3851BF27BFD007E235A /* GRDFunctionBox.m */ = {isa = PBXFileReference; fileEncoding = 4; lastKnownFileType = sourcecode.c.objc; path = GRDFunctionBox.m; sourceTree = "<group>"; };
		28E8ED6D1BBC8110009FED2A /* GRDTutorialView.xib */ = {isa = PBXFileReference; fileEncoding = 4; lastKnownFileType = file.xib; path = GRDTutorialView.xib; sourceTree = "<group>"; };
		28EBB9A91BF24E18006B5DB0 /* GRDPrimeView.xib */ = {isa = PBXFileReference; fileEncoding = 4; lastKnownFileType = file.xib; path = GRDPrimeView.xib; sourceTree = "<group>"; };
		28EBB9AB1BF24ECF006B5DB0 /* GRDPrimeView.h */ = {isa = PBXFileReference; fileEncoding = 4; lastKnownFileType = sourcecode.c.h; path = GRDPrimeView.h; sourceTree = "<group>"; };
		28EBB9AC1BF24ECF006B5DB0 /* GRDPrimeView.m */ = {isa = PBXFileReference; fileEncoding = 4; lastKnownFileType = sourcecode.c.objc; path = GRDPrimeView.m; sourceTree = "<group>"; };
		7EB863B65DEC5C08C1A35807 /* libPods-gridder.a */ = {isa = PBXFileReference; explicitFileType = archive.ar; includeInIndex = 0; path = "libPods-gridder.a"; sourceTree = BUILT_PRODUCTS_DIR; };
		ECE1021212F5277F5E10819C /* Pods-gridder.debug.xcconfig */ = {isa = PBXFileReference; includeInIndex = 1; lastKnownFileType = text.xcconfig; name = "Pods-gridder.debug.xcconfig"; path = "Pods/Target Support Files/Pods-gridder/Pods-gridder.debug.xcconfig"; sourceTree = "<group>"; };
		FA0379781791CA7500BF5251 /* GRDHowToPlay.h */ = {isa = PBXFileReference; fileEncoding = 4; lastKnownFileType = sourcecode.c.h; path = GRDHowToPlay.h; sourceTree = "<group>"; };
		FA0379791791CA7600BF5251 /* GRDHowToPlay.m */ = {isa = PBXFileReference; fileEncoding = 4; lastKnownFileType = sourcecode.c.objc; path = GRDHowToPlay.m; sourceTree = "<group>"; };
		FA03797B1791E03F00BF5251 /* GRDCredits.h */ = {isa = PBXFileReference; fileEncoding = 4; lastKnownFileType = sourcecode.c.h; path = GRDCredits.h; sourceTree = "<group>"; };
		FA03797C1791E03F00BF5251 /* GRDCredits.m */ = {isa = PBXFileReference; fileEncoding = 4; lastKnownFileType = sourcecode.c.objc; path = GRDCredits.m; sourceTree = "<group>"; };
		FA03797E1791E19400BF5251 /* GRDHighScores.h */ = {isa = PBXFileReference; fileEncoding = 4; lastKnownFileType = sourcecode.c.h; path = GRDHighScores.h; sourceTree = "<group>"; };
		FA03797F1791E19400BF5251 /* GRDHighScores.m */ = {isa = PBXFileReference; fileEncoding = 4; lastKnownFileType = sourcecode.c.objc; path = GRDHighScores.m; sourceTree = "<group>"; };
		FA07DE2317FE5C100021F2F7 /* arrow-big-01.png */ = {isa = PBXFileReference; lastKnownFileType = image.png; path = "arrow-big-01.png"; sourceTree = "<group>"; };
		FA07DE2517FEB1EC0021F2F7 /* rank.png */ = {isa = PBXFileReference; lastKnownFileType = image.png; path = rank.png; sourceTree = "<group>"; };
		FA07DE2717FFAD000021F2F7 /* speaker-off.png */ = {isa = PBXFileReference; lastKnownFileType = image.png; path = "speaker-off.png"; sourceTree = "<group>"; };
		FA07DE2F180002CC0021F2F7 /* GRDGlassSquare.h */ = {isa = PBXFileReference; fileEncoding = 4; lastKnownFileType = sourcecode.c.h; path = GRDGlassSquare.h; sourceTree = "<group>"; };
		FA07DE30180002CC0021F2F7 /* GRDGlassSquare.m */ = {isa = PBXFileReference; fileEncoding = 4; lastKnownFileType = sourcecode.c.objc; path = GRDGlassSquare.m; sourceTree = "<group>"; };
		FA07DE3218000A9A0021F2F7 /* shatter.wav */ = {isa = PBXFileReference; lastKnownFileType = audio.wav; path = shatter.wav; sourceTree = "<group>"; };
		FA07DE3318000A9A0021F2F7 /* bump.wav */ = {isa = PBXFileReference; lastKnownFileType = audio.wav; path = bump.wav; sourceTree = "<group>"; };
		FA13D1DA17FAC2D90009AFE9 /* GRDCore.h */ = {isa = PBXFileReference; fileEncoding = 4; lastKnownFileType = sourcecode.c.h; path = GRDCore.h; sourceTree = "<group>"; };
		FA13D1DB17FAC2D90009AFE9 /* GRDCore.m */ = {isa = PBXFileReference; fileEncoding = 4; lastKnownFileType = sourcecode.c.objc; path = GRDCore.m; sourceTree = "<group>"; };
		FA13D1DD17FD52330009AFE9 /* menutheme.mp3 */ = {isa = PBXFileReference; lastKnownFileType = audio.mp3; path = menutheme.mp3; sourceTree = "<group>"; };
		FA13D1DF17FD6CDE0009AFE9 /* v3_icon_score.png */ = {isa = PBXFileReference; lastKnownFileType = image.png; path = v3_icon_score.png; sourceTree = "<group>"; };
		FA13D1E117FD6CE60009AFE9 /* hammer.png */ = {isa = PBXFileReference; lastKnownFileType = image.png; path = hammer.png; sourceTree = "<group>"; };
		FA13D1E317FD93BE0009AFE9 /* race-flag.png */ = {isa = PBXFileReference; lastKnownFileType = image.png; path = "race-flag.png"; sourceTree = "<group>"; };
		FA1BABA0178D856F00FEC33A /* Gridder.app */ = {isa = PBXFileReference; explicitFileType = wrapper.application; includeInIndex = 0; path = Gridder.app; sourceTree = BUILT_PRODUCTS_DIR; };
		FA1BABA3178D856F00FEC33A /* UIKit.framework */ = {isa = PBXFileReference; lastKnownFileType = wrapper.framework; name = UIKit.framework; path = System/Library/Frameworks/UIKit.framework; sourceTree = SDKROOT; };
		FA1BABA5178D856F00FEC33A /* Foundation.framework */ = {isa = PBXFileReference; lastKnownFileType = wrapper.framework; name = Foundation.framework; path = System/Library/Frameworks/Foundation.framework; sourceTree = SDKROOT; };
		FA1BABA7178D856F00FEC33A /* CoreGraphics.framework */ = {isa = PBXFileReference; lastKnownFileType = wrapper.framework; name = CoreGraphics.framework; path = System/Library/Frameworks/CoreGraphics.framework; sourceTree = SDKROOT; };
		FA1BABAB178D857000FEC33A /* gridder.plist */ = {isa = PBXFileReference; lastKnownFileType = text.plist.xml; path = gridder.plist; sourceTree = "<group>"; };
		FA1BABAD178D857000FEC33A /* en */ = {isa = PBXFileReference; lastKnownFileType = text.plist.strings; name = en; path = en.lproj/InfoPlist.strings; sourceTree = "<group>"; };
		FA1BABAF178D857000FEC33A /* main.m */ = {isa = PBXFileReference; lastKnownFileType = sourcecode.c.objc; path = main.m; sourceTree = "<group>"; };
		FA1BABB1178D857000FEC33A /* gridder-Prefix.pch */ = {isa = PBXFileReference; lastKnownFileType = sourcecode.c.h; path = "gridder-Prefix.pch"; sourceTree = "<group>"; };
		FA1BABBC178D857000FEC33A /* en */ = {isa = PBXFileReference; lastKnownFileType = file.storyboard; name = en; path = en.lproj/MainStoryboard.storyboard; sourceTree = "<group>"; };
		FA1BABBE178D857000FEC33A /* GRDViewController.h */ = {isa = PBXFileReference; lastKnownFileType = sourcecode.c.h; path = GRDViewController.h; sourceTree = "<group>"; };
		FA1BABBF178D857000FEC33A /* GRDViewController.m */ = {isa = PBXFileReference; lastKnownFileType = sourcecode.c.objc; path = GRDViewController.m; sourceTree = "<group>"; };
		FA1BABC8178DE20900FEC33A /* GRDSquare.h */ = {isa = PBXFileReference; fileEncoding = 4; lastKnownFileType = sourcecode.c.h; path = GRDSquare.h; sourceTree = "<group>"; };
		FA1BABC9178DE20900FEC33A /* GRDSquare.m */ = {isa = PBXFileReference; fileEncoding = 4; lastKnownFileType = sourcecode.c.objc; path = GRDSquare.m; sourceTree = "<group>"; };
		FA1BABCD178F4F0300FEC33A /* v3_icon_lives.png */ = {isa = PBXFileReference; lastKnownFileType = image.png; path = v3_icon_lives.png; sourceTree = "<group>"; };
		FA1BABD51790023A00FEC33A /* AVFoundation.framework */ = {isa = PBXFileReference; lastKnownFileType = wrapper.framework; name = AVFoundation.framework; path = System/Library/Frameworks/AVFoundation.framework; sourceTree = SDKROOT; };
		FA1BABDF1790478B00FEC33A /* GRDMenu.h */ = {isa = PBXFileReference; fileEncoding = 4; lastKnownFileType = sourcecode.c.h; path = GRDMenu.h; sourceTree = "<group>"; };
		FA1BABE01790478B00FEC33A /* GRDMenu.m */ = {isa = PBXFileReference; fileEncoding = 4; lastKnownFileType = sourcecode.c.objc; path = GRDMenu.m; sourceTree = "<group>"; };
		FA1BABE617905F2200FEC33A /* GRDGameOverScreen.h */ = {isa = PBXFileReference; fileEncoding = 4; lastKnownFileType = sourcecode.c.h; path = GRDGameOverScreen.h; sourceTree = "<group>"; };
		FA1BABE717905F2200FEC33A /* GRDGameOverScreen.m */ = {isa = PBXFileReference; fileEncoding = 4; lastKnownFileType = sourcecode.c.objc; path = GRDGameOverScreen.m; sourceTree = "<group>"; };
		FA1BABF11790BB2E00FEC33A /* QuartzCore.framework */ = {isa = PBXFileReference; lastKnownFileType = wrapper.framework; name = QuartzCore.framework; path = System/Library/Frameworks/QuartzCore.framework; sourceTree = SDKROOT; };
		FA1BAC07179151C000FEC33A /* clock.png */ = {isa = PBXFileReference; lastKnownFileType = image.png; path = clock.png; sourceTree = "<group>"; };
		FA1BAC091791528500FEC33A /* clock-icon.png */ = {isa = PBXFileReference; lastKnownFileType = image.png; path = "clock-icon.png"; sourceTree = "<group>"; };
		FA1BAC0B1791530000FEC33A /* speaker-on.png */ = {isa = PBXFileReference; lastKnownFileType = image.png; path = "speaker-on.png"; sourceTree = "<group>"; };
		FA1BAC0F179165F100FEC33A /* lifegained.wav */ = {isa = PBXFileReference; lastKnownFileType = audio.wav; path = lifegained.wav; sourceTree = "<group>"; };
		FA1BAC11179165F700FEC33A /* menubeep.wav */ = {isa = PBXFileReference; lastKnownFileType = audio.wav; path = menubeep.wav; sourceTree = "<group>"; };
		FA1BAC13179165FE00FEC33A /* gameover.wav */ = {isa = PBXFileReference; lastKnownFileType = audio.wav; path = gameover.wav; sourceTree = "<group>"; };
		FA1BAC151791660400FEC33A /* clocknoise.wav */ = {isa = PBXFileReference; lastKnownFileType = audio.wav; path = clocknoise.wav; sourceTree = "<group>"; };
		FA1BAC171791694600FEC33A /* menubeep2.wav */ = {isa = PBXFileReference; lastKnownFileType = audio.wav; path = menubeep2.wav; sourceTree = "<group>"; };
		FA1BAC1917916ADE00FEC33A /* inverseMode.png */ = {isa = PBXFileReference; lastKnownFileType = image.png; path = inverseMode.png; sourceTree = "<group>"; };
		FA1BAC1D1791ADB200FEC33A /* negativebeep.wav */ = {isa = PBXFileReference; lastKnownFileType = audio.wav; path = negativebeep.wav; sourceTree = "<group>"; };
		FA1BAC1E1791ADB300FEC33A /* playtheme.mp3 */ = {isa = PBXFileReference; lastKnownFileType = audio.mp3; path = playtheme.mp3; sourceTree = "<group>"; };
		FA1BAC1F1791ADB300FEC33A /* press.wav */ = {isa = PBXFileReference; lastKnownFileType = audio.wav; path = press.wav; sourceTree = "<group>"; };
		FA1BAC201791ADB300FEC33A /* pulse.wav */ = {isa = PBXFileReference; lastKnownFileType = audio.wav; path = pulse.wav; sourceTree = "<group>"; };
		FA1BAC2B1791AE2A00FEC33A /* pause.png */ = {isa = PBXFileReference; lastKnownFileType = image.png; path = pause.png; sourceTree = "<group>"; };
		FA1BAC2C1791AE2A00FEC33A /* play.png */ = {isa = PBXFileReference; lastKnownFileType = image.png; path = play.png; sourceTree = "<group>"; };
		FA4B862C18C17BA8001138D0 /* CoreText.framework */ = {isa = PBXFileReference; lastKnownFileType = wrapper.framework; name = CoreText.framework; path = System/Library/Frameworks/CoreText.framework; sourceTree = SDKROOT; };
		FA5D28F419A0F0F600075314 /* GRDAppDelegate.h */ = {isa = PBXFileReference; fileEncoding = 4; lastKnownFileType = sourcecode.c.h; path = GRDAppDelegate.h; sourceTree = "<group>"; };
		FA5D28F519A0F0F600075314 /* GRDAppDelegate.m */ = {isa = PBXFileReference; fileEncoding = 4; lastKnownFileType = sourcecode.c.objc; path = GRDAppDelegate.m; sourceTree = "<group>"; };
		FA6FA04D180045EF00F76161 /* Ice1.png */ = {isa = PBXFileReference; lastKnownFileType = image.png; path = Ice1.png; sourceTree = "<group>"; };
		FA6FA04F1800471600F76161 /* Ice2.png */ = {isa = PBXFileReference; lastKnownFileType = image.png; path = Ice2.png; sourceTree = "<group>"; };
		FA6FA0501800471600F76161 /* Ice3.png */ = {isa = PBXFileReference; lastKnownFileType = image.png; path = Ice3.png; sourceTree = "<group>"; };
		FA7D5AD21801141C004011D4 /* GRDSoundPlayer.h */ = {isa = PBXFileReference; fileEncoding = 4; lastKnownFileType = sourcecode.c.h; path = GRDSoundPlayer.h; sourceTree = "<group>"; };
		FA7D5AD31801141C004011D4 /* GRDSoundPlayer.m */ = {isa = PBXFileReference; fileEncoding = 4; lastKnownFileType = sourcecode.c.objc; path = GRDSoundPlayer.m; sourceTree = "<group>"; };
		FA7D5AD518050190004011D4 /* GameKit.framework */ = {isa = PBXFileReference; lastKnownFileType = wrapper.framework; name = GameKit.framework; path = System/Library/Frameworks/GameKit.framework; sourceTree = SDKROOT; };
		FA7D5AD7180509B6004011D4 /* AppSpecificValues.h */ = {isa = PBXFileReference; lastKnownFileType = sourcecode.c.h; path = AppSpecificValues.h; sourceTree = "<group>"; };
		FA7D5AD8180509B6004011D4 /* GameCenterManager.h */ = {isa = PBXFileReference; lastKnownFileType = sourcecode.c.h; path = GameCenterManager.h; sourceTree = "<group>"; };
		FA7D5AD9180509B7004011D4 /* GameCenterManager.m */ = {isa = PBXFileReference; lastKnownFileType = sourcecode.c.objc; path = GameCenterManager.m; sourceTree = "<group>"; };
		FA7D5ADF18051847004011D4 /* chess-castle.png */ = {isa = PBXFileReference; lastKnownFileType = image.png; path = "chess-castle.png"; sourceTree = "<group>"; };
		FA7D5AE11805189E004011D4 /* graduation-cap.png */ = {isa = PBXFileReference; lastKnownFileType = image.png; path = "graduation-cap.png"; sourceTree = "<group>"; };
		FA7D5AE3180539CB004011D4 /* email.png */ = {isa = PBXFileReference; lastKnownFileType = image.png; path = email.png; sourceTree = "<group>"; };
		FA7D5AE518053FB5004011D4 /* MessageUI.framework */ = {isa = PBXFileReference; lastKnownFileType = wrapper.framework; name = MessageUI.framework; path = System/Library/Frameworks/MessageUI.framework; sourceTree = SDKROOT; };
		FA93E80A1ABEEA8C008F5806 /* GRDPrimeViewController.h */ = {isa = PBXFileReference; fileEncoding = 4; lastKnownFileType = sourcecode.c.h; path = GRDPrimeViewController.h; sourceTree = "<group>"; };
		FA93E80B1ABEEA8C008F5806 /* GRDPrimeViewController.m */ = {isa = PBXFileReference; fileEncoding = 4; lastKnownFileType = sourcecode.c.objc; path = GRDPrimeViewController.m; sourceTree = "<group>"; };
		FA93E8181AC49FC2008F5806 /* Podfile */ = {isa = PBXFileReference; fileEncoding = 4; lastKnownFileType = text; path = Podfile; sourceTree = SOURCE_ROOT; xcLanguageSpecificationIdentifier = xcode.lang.ruby; };
		FA93E81B1ACF37E8008F5806 /* pop.wav */ = {isa = PBXFileReference; lastKnownFileType = audio.wav; path = pop.wav; sourceTree = "<group>"; };
		FA93E8201ACF4802008F5806 /* pop2.wav */ = {isa = PBXFileReference; lastKnownFileType = audio.wav; path = pop2.wav; sourceTree = "<group>"; };
		FA93E8221ACF4943008F5806 /* match.wav */ = {isa = PBXFileReference; lastKnownFileType = audio.wav; path = match.wav; sourceTree = "<group>"; };
		FA93E8271AD2A67C008F5806 /* GRDAnimator.h */ = {isa = PBXFileReference; fileEncoding = 4; lastKnownFileType = sourcecode.c.h; path = GRDAnimator.h; sourceTree = "<group>"; };
		FA93E8281AD2A67C008F5806 /* GRDAnimator.m */ = {isa = PBXFileReference; fileEncoding = 4; lastKnownFileType = sourcecode.c.objc; path = GRDAnimator.m; sourceTree = "<group>"; };
		FA93E82A1AD2EBA0008F5806 /* GRDParticleEmitter.h */ = {isa = PBXFileReference; fileEncoding = 4; lastKnownFileType = sourcecode.c.h; path = GRDParticleEmitter.h; sourceTree = "<group>"; };
		FA93E82B1AD2EBA0008F5806 /* GRDParticleEmitter.m */ = {isa = PBXFileReference; fileEncoding = 4; lastKnownFileType = sourcecode.c.objc; path = GRDParticleEmitter.m; sourceTree = "<group>"; };
		FA93E82D1AD2ED63008F5806 /* v3_particle.png */ = {isa = PBXFileReference; lastKnownFileType = image.png; path = v3_particle.png; sourceTree = "<group>"; };
		FADB43A11ABDC63E003E8C88 /* GRDSquare.xib */ = {isa = PBXFileReference; fileEncoding = 4; lastKnownFileType = file.xib; path = GRDSquare.xib; sourceTree = "<group>"; };
		FAF687031ABDDFED00915381 /* Images.xcassets */ = {isa = PBXFileReference; lastKnownFileType = folder.assetcatalog; path = Images.xcassets; sourceTree = "<group>"; };
		FE242326784D7FA49E14EF52 /* Pods-gridder.release.xcconfig */ = {isa = PBXFileReference; includeInIndex = 1; lastKnownFileType = text.xcconfig; name = "Pods-gridder.release.xcconfig"; path = "Pods/Target Support Files/Pods-gridder/Pods-gridder.release.xcconfig"; sourceTree = "<group>"; };
/* End PBXFileReference section */

/* Begin PBXFrameworksBuildPhase section */
		FA1BAB9D178D856F00FEC33A /* Frameworks */ = {
			isa = PBXFrameworksBuildPhase;
			buildActionMask = 2147483647;
			files = (
				FA4B862D18C17BA8001138D0 /* CoreText.framework in Frameworks */,
				FA7D5AE618053FB6004011D4 /* MessageUI.framework in Frameworks */,
				FA7D5AD618050190004011D4 /* GameKit.framework in Frameworks */,
				FA1BABF21790BB2E00FEC33A /* QuartzCore.framework in Frameworks */,
				FA1BABD61790023A00FEC33A /* AVFoundation.framework in Frameworks */,
				FA1BABA4178D856F00FEC33A /* UIKit.framework in Frameworks */,
				FA1BABA6178D856F00FEC33A /* Foundation.framework in Frameworks */,
				FA1BABA8178D857000FEC33A /* CoreGraphics.framework in Frameworks */,
				F89B68A39FF57B3CF89BBDEE /* libPods-gridder.a in Frameworks */,
			);
			runOnlyForDeploymentPostprocessing = 0;
		};
/* End PBXFrameworksBuildPhase section */

/* Begin PBXGroup section */
		28EBB9A71BF24DC3006B5DB0 /* Storyboards */ = {
			isa = PBXGroup;
			children = (
				FA1BABBB178D857000FEC33A /* MainStoryboard.storyboard */,
			);
			name = Storyboards;
			sourceTree = "<group>";
		};
		28EBB9A81BF24DD6006B5DB0 /* XIBs */ = {
			isa = PBXGroup;
			children = (
				28EBB9A91BF24E18006B5DB0 /* GRDPrimeView.xib */,
				FADB43A11ABDC63E003E8C88 /* GRDSquare.xib */,
				28E8ED6D1BBC8110009FED2A /* GRDTutorialView.xib */,
				2832D37B1BF27B7E007E235A /* GRDLifeBox.xib */,
				2832D37D1BF27B8B007E235A /* GRDScoreBox.xib */,
				2832D37F1BF27BB4007E235A /* GRDTimeBox.xib */,
			);
			name = XIBs;
			sourceTree = "<group>";
		};
		7659906D45E6A3BF2A10CBBF /* Frameworks */ = {
			isa = PBXGroup;
			children = (
				7EB863B65DEC5C08C1A35807 /* libPods-gridder.a */,
			);
			name = Frameworks;
			sourceTree = "<group>";
		};
		A940EE18C9A17507A4B8348C /* Pods */ = {
			isa = PBXGroup;
			children = (
				ECE1021212F5277F5E10819C /* Pods-gridder.debug.xcconfig */,
				FE242326784D7FA49E14EF52 /* Pods-gridder.release.xcconfig */,
			);
			name = Pods;
			sourceTree = "<group>";
		};
		FA1BAB97178D856F00FEC33A = {
			isa = PBXGroup;
			children = (
				FA1BABA9178D857000FEC33A /* GRIDDER */,
				FA1EF90818F2FB20007B8E72 /* Resources */,
				A940EE18C9A17507A4B8348C /* Pods */,
				7659906D45E6A3BF2A10CBBF /* Frameworks */,
			);
			sourceTree = "<group>";
		};
		FA1BABA2178D856F00FEC33A /* Frameworks */ = {
			isa = PBXGroup;
			children = (
				FA4B862C18C17BA8001138D0 /* CoreText.framework */,
				FA7D5AE518053FB5004011D4 /* MessageUI.framework */,
				FA7D5AD518050190004011D4 /* GameKit.framework */,
				FA1BABF11790BB2E00FEC33A /* QuartzCore.framework */,
				FA1BABD51790023A00FEC33A /* AVFoundation.framework */,
				FA1BABA3178D856F00FEC33A /* UIKit.framework */,
				FA1BABA5178D856F00FEC33A /* Foundation.framework */,
				FA1BABA7178D856F00FEC33A /* CoreGraphics.framework */,
			);
			name = Frameworks;
			path = ..;
			sourceTree = "<group>";
		};
		FA1BABA9178D857000FEC33A /* GRIDDER */ = {
			isa = PBXGroup;
			children = (
				FA1EF8F818F2F916007B8E72 /* Source */,
				FA1EF90718F2FA33007B8E72 /* Other sources */,
				FA1BABAA178D857000FEC33A /* Supporting Files */,
			);
			name = GRIDDER;
			path = Gridder;
			sourceTree = "<group>";
		};
		FA1BABAA178D857000FEC33A /* Supporting Files */ = {
			isa = PBXGroup;
			children = (
				FA93E8181AC49FC2008F5806 /* Podfile */,
				FA1BABAB178D857000FEC33A /* gridder.plist */,
			);
			name = "Supporting Files";
			sourceTree = "<group>";
		};
		FA1BABEF17909F2000FEC33A /* Graphics */ = {
			isa = PBXGroup;
			children = (
				FA93E8111AC207B3008F5806 /* 3.0 */,
				FA7D5AE3180539CB004011D4 /* email.png */,
				FA7D5ADF18051847004011D4 /* chess-castle.png */,
				FA7D5AE11805189E004011D4 /* graduation-cap.png */,
				FA6FA04D180045EF00F76161 /* Ice1.png */,
				FA6FA04F1800471600F76161 /* Ice2.png */,
				FA6FA0501800471600F76161 /* Ice3.png */,
				FA07DE2517FEB1EC0021F2F7 /* rank.png */,
				FA07DE2317FE5C100021F2F7 /* arrow-big-01.png */,
				FA13D1E317FD93BE0009AFE9 /* race-flag.png */,
				FA13D1E117FD6CE60009AFE9 /* hammer.png */,
				FA07DE2717FFAD000021F2F7 /* speaker-off.png */,
				FA1BAC1917916ADE00FEC33A /* inverseMode.png */,
				FA1BAC07179151C000FEC33A /* clock.png */,
				FA1BAC2B1791AE2A00FEC33A /* pause.png */,
				FA1BAC2C1791AE2A00FEC33A /* play.png */,
				FA1BAC091791528500FEC33A /* clock-icon.png */,
				FA1BAC0B1791530000FEC33A /* speaker-on.png */,
				FAF687031ABDDFED00915381 /* Images.xcassets */,
			);
			name = Graphics;
			sourceTree = "<group>";
		};
		FA1BABF017909F5500FEC33A /* Audio */ = {
			isa = PBXGroup;
			children = (
				FA93E81A1ACF37E1008F5806 /* 3.0 */,
				FA07DE3218000A9A0021F2F7 /* shatter.wav */,
				FA07DE3318000A9A0021F2F7 /* bump.wav */,
				FA13D1DD17FD52330009AFE9 /* menutheme.mp3 */,
				FA1BAC151791660400FEC33A /* clocknoise.wav */,
				FA1BAC13179165FE00FEC33A /* gameover.wav */,
				FA1BAC11179165F700FEC33A /* menubeep.wav */,
				FA1BAC0F179165F100FEC33A /* lifegained.wav */,
				FA1BAC171791694600FEC33A /* menubeep2.wav */,
				FA1BAC1D1791ADB200FEC33A /* negativebeep.wav */,
				FA1BAC1E1791ADB300FEC33A /* playtheme.mp3 */,
				FA1BAC1F1791ADB300FEC33A /* press.wav */,
				FA1BAC201791ADB300FEC33A /* pulse.wav */,
			);
			name = Audio;
			sourceTree = "<group>";
		};
		FA1EF8F818F2F916007B8E72 /* Source */ = {
			isa = PBXGroup;
			children = (
				FA1EF8F918F2F91D007B8E72 /* Application */,
				FA1EF8FA18F2F928007B8E72 /* Controllers */,
				FA1EF8FB18F2F937007B8E72 /* Models */,
				FA1EF8FC18F2F941007B8E72 /* Views */,
			);
			name = Source;
			sourceTree = "<group>";
		};
		FA1EF8F918F2F91D007B8E72 /* Application */ = {
			isa = PBXGroup;
			children = (
				FA5D28F419A0F0F600075314 /* GRDAppDelegate.h */,
				FA5D28F519A0F0F600075314 /* GRDAppDelegate.m */,
				FA1BABA0178D856F00FEC33A /* Gridder.app */,
			);
			name = Application;
			sourceTree = "<group>";
		};
		FA1EF8FA18F2F928007B8E72 /* Controllers */ = {
			isa = PBXGroup;
			children = (
				FA93E80A1ABEEA8C008F5806 /* GRDPrimeViewController.h */,
				FA93E80B1ABEEA8C008F5806 /* GRDPrimeViewController.m */,
				FA93E8241AD0487E008F5806 /* 2.0 */,
			);
			name = Controllers;
			sourceTree = "<group>";
		};
		FA1EF8FB18F2F937007B8E72 /* Models */ = {
			isa = PBXGroup;
			children = (
				FA93E8271AD2A67C008F5806 /* GRDAnimator.h */,
				FA93E8281AD2A67C008F5806 /* GRDAnimator.m */,
				FA13D1DA17FAC2D90009AFE9 /* GRDCore.h */,
				FA13D1DB17FAC2D90009AFE9 /* GRDCore.m */,
				FA7D5AD21801141C004011D4 /* GRDSoundPlayer.h */,
				FA7D5AD31801141C004011D4 /* GRDSoundPlayer.m */,
				FA7D5AD7180509B6004011D4 /* AppSpecificValues.h */,
				FA7D5AD8180509B6004011D4 /* GameCenterManager.h */,
				FA7D5AD9180509B7004011D4 /* GameCenterManager.m */,
			);
			name = Models;
			sourceTree = "<group>";
		};
		FA1EF8FC18F2F941007B8E72 /* Views */ = {
			isa = PBXGroup;
			children = (
				FA07DE2F180002CC0021F2F7 /* GRDGlassSquare.h */,
				FA07DE30180002CC0021F2F7 /* GRDGlassSquare.m */,
				FA1BABC8178DE20900FEC33A /* GRDSquare.h */,
				FA1BABC9178DE20900FEC33A /* GRDSquare.m */,
				FA93E82A1AD2EBA0008F5806 /* GRDParticleEmitter.h */,
				FA93E82B1AD2EBA0008F5806 /* GRDParticleEmitter.m */,
				28EBB9AB1BF24ECF006B5DB0 /* GRDPrimeView.h */,
				28EBB9AC1BF24ECF006B5DB0 /* GRDPrimeView.m */,
				2832D3841BF27BFD007E235A /* GRDFunctionBox.h */,
				2832D3851BF27BFD007E235A /* GRDFunctionBox.m */,
			);
			name = Views;
			sourceTree = "<group>";
		};
		FA1EF90718F2FA33007B8E72 /* Other sources */ = {
			isa = PBXGroup;
			children = (
				FA1BABAF178D857000FEC33A /* main.m */,
				FA1BABB1178D857000FEC33A /* gridder-Prefix.pch */,
			);
			name = "Other sources";
			sourceTree = "<group>";
		};
		FA1EF90818F2FB20007B8E72 /* Resources */ = {
			isa = PBXGroup;
			children = (
				28EBB9A71BF24DC3006B5DB0 /* Storyboards */,
				28EBB9A81BF24DD6006B5DB0 /* XIBs */,
				FA1BABF017909F5500FEC33A /* Audio */,
				FA1BABA2178D856F00FEC33A /* Frameworks */,
				FA1BABEF17909F2000FEC33A /* Graphics */,
				FA1BABAC178D857000FEC33A /* InfoPlist.strings */,
			);
			name = Resources;
			path = Gridder;
			sourceTree = "<group>";
		};
		FA93E8111AC207B3008F5806 /* 3.0 */ = {
			isa = PBXGroup;
			children = (
				FA93E82D1AD2ED63008F5806 /* v3_particle.png */,
				FA13D1DF17FD6CDE0009AFE9 /* v3_icon_score.png */,
				FA1BABCD178F4F0300FEC33A /* v3_icon_lives.png */,
			);
			name = 3.0;
			sourceTree = "<group>";
		};
		FA93E81A1ACF37E1008F5806 /* 3.0 */ = {
			isa = PBXGroup;
			children = (
				FA93E8201ACF4802008F5806 /* pop2.wav */,
				FA93E8221ACF4943008F5806 /* match.wav */,
				FA93E81B1ACF37E8008F5806 /* pop.wav */,
			);
			name = 3.0;
			sourceTree = "<group>";
		};
		FA93E8241AD0487E008F5806 /* 2.0 */ = {
			isa = PBXGroup;
			children = (
				FA1BABBE178D857000FEC33A /* GRDViewController.h */,
				FA1BABBF178D857000FEC33A /* GRDViewController.m */,
				FA1BABDF1790478B00FEC33A /* GRDMenu.h */,
				FA1BABE01790478B00FEC33A /* GRDMenu.m */,
				FA1BABE617905F2200FEC33A /* GRDGameOverScreen.h */,
				FA1BABE717905F2200FEC33A /* GRDGameOverScreen.m */,
				FA0379781791CA7500BF5251 /* GRDHowToPlay.h */,
				FA0379791791CA7600BF5251 /* GRDHowToPlay.m */,
				FA03797B1791E03F00BF5251 /* GRDCredits.h */,
				FA03797C1791E03F00BF5251 /* GRDCredits.m */,
				FA03797E1791E19400BF5251 /* GRDHighScores.h */,
				FA03797F1791E19400BF5251 /* GRDHighScores.m */,
			);
			name = 2.0;
			sourceTree = "<group>";
		};
/* End PBXGroup section */

/* Begin PBXNativeTarget section */
		FA1BAB9F178D856F00FEC33A /* gridder */ = {
			isa = PBXNativeTarget;
			buildConfigurationList = FA1BABC3178D857000FEC33A /* Build configuration list for PBXNativeTarget "gridder" */;
			buildPhases = (
				755747A15890716EB0B763AA /* Check Pods Manifest.lock */,
				FA1BAB9C178D856F00FEC33A /* Sources */,
				FA1BAB9D178D856F00FEC33A /* Frameworks */,
				FA1BAB9E178D856F00FEC33A /* Resources */,
				F834831A8D20DF04473F2FAA /* Copy Pods Resources */,
			);
			buildRules = (
			);
			dependencies = (
			);
			name = gridder;
			productName = CashMate;
			productReference = FA1BABA0178D856F00FEC33A /* Gridder.app */;
			productType = "com.apple.product-type.application";
		};
/* End PBXNativeTarget section */

/* Begin PBXProject section */
		FA1BAB98178D856F00FEC33A /* Project object */ = {
			isa = PBXProject;
			attributes = {
				CLASSPREFIX = CSM;
				LastUpgradeCheck = 0460;
				ORGANIZATIONNAME = "Joshua James";
			};
			buildConfigurationList = FA1BAB9B178D856F00FEC33A /* Build configuration list for PBXProject "gridder" */;
			compatibilityVersion = "Xcode 3.2";
			developmentRegion = English;
			hasScannedForEncodings = 0;
			knownRegions = (
				en,
			);
			mainGroup = FA1BAB97178D856F00FEC33A;
			productRefGroup = FA1BAB97178D856F00FEC33A;
			projectDirPath = "";
			projectRoot = "";
			targets = (
				FA1BAB9F178D856F00FEC33A /* gridder */,
			);
		};
/* End PBXProject section */

/* Begin PBXResourcesBuildPhase section */
		FA1BAB9E178D856F00FEC33A /* Resources */ = {
			isa = PBXResourcesBuildPhase;
			buildActionMask = 2147483647;
			files = (
				FA1BABBD178D857000FEC33A /* MainStoryboard.storyboard in Resources */,
				FA1BABCE178F4F0300FEC33A /* v3_icon_lives.png in Resources */,
				FA1BAC08179151C000FEC33A /* clock.png in Resources */,
				FA1BAC0A1791528500FEC33A /* clock-icon.png in Resources */,
				FA93E8231ACF4943008F5806 /* match.wav in Resources */,
				FA93E8211ACF4802008F5806 /* pop2.wav in Resources */,
				FA1BAC0C1791530000FEC33A /* speaker-on.png in Resources */,
				FA1BAC10179165F100FEC33A /* lifegained.wav in Resources */,
				FA1BAC12179165F700FEC33A /* menubeep.wav in Resources */,
				FA1BAC14179165FE00FEC33A /* gameover.wav in Resources */,
				FA1BAC161791660400FEC33A /* clocknoise.wav in Resources */,
				FA93E81C1ACF37E8008F5806 /* pop.wav in Resources */,
				2832D3801BF27BB4007E235A /* GRDTimeBox.xib in Resources */,
				FA1BAC181791694600FEC33A /* menubeep2.wav in Resources */,
				FA1BAC1A17916ADE00FEC33A /* inverseMode.png in Resources */,
				FA1BAC211791ADB300FEC33A /* negativebeep.wav in Resources */,
				FA1BAC221791ADB300FEC33A /* playtheme.mp3 in Resources */,
				FA1BAC231791ADB300FEC33A /* press.wav in Resources */,
				FA1BAC241791ADB300FEC33A /* pulse.wav in Resources */,
				FADB43A21ABDC63E003E8C88 /* GRDSquare.xib in Resources */,
				28EBB9AA1BF24E18006B5DB0 /* GRDPrimeView.xib in Resources */,
				FA1BAC2D1791AE2A00FEC33A /* pause.png in Resources */,
				FA93E8191AC49FC2008F5806 /* Podfile in Resources */,
				FA1BAC2E1791AE2A00FEC33A /* play.png in Resources */,
				FA93E82E1AD2ED63008F5806 /* v3_particle.png in Resources */,
				FA13D1DE17FD52330009AFE9 /* menutheme.mp3 in Resources */,
				28E8ED6E1BBC8110009FED2A /* GRDTutorialView.xib in Resources */,
				FAF687041ABDDFED00915381 /* Images.xcassets in Resources */,
				FA13D1E017FD6CDE0009AFE9 /* v3_icon_score.png in Resources */,
				FA13D1E217FD6CE60009AFE9 /* hammer.png in Resources */,
				2832D37E1BF27B8B007E235A /* GRDScoreBox.xib in Resources */,
				FA13D1E417FD93BE0009AFE9 /* race-flag.png in Resources */,
				FA07DE2417FE5C100021F2F7 /* arrow-big-01.png in Resources */,
				2832D37C1BF27B7E007E235A /* GRDLifeBox.xib in Resources */,
				FA07DE2617FEB1EC0021F2F7 /* rank.png in Resources */,
				FA07DE2817FFAD000021F2F7 /* speaker-off.png in Resources */,
				FA07DE3418000A9A0021F2F7 /* shatter.wav in Resources */,
				FA07DE3518000A9A0021F2F7 /* bump.wav in Resources */,
				FA6FA04E180045EF00F76161 /* Ice1.png in Resources */,
				FA6FA0511800471600F76161 /* Ice2.png in Resources */,
				FA6FA0521800471600F76161 /* Ice3.png in Resources */,
				FA7D5AE018051847004011D4 /* chess-castle.png in Resources */,
				FA7D5AE21805189E004011D4 /* graduation-cap.png in Resources */,
				FA7D5AE4180539CB004011D4 /* email.png in Resources */,
			);
			runOnlyForDeploymentPostprocessing = 0;
		};
/* End PBXResourcesBuildPhase section */

/* Begin PBXShellScriptBuildPhase section */
		755747A15890716EB0B763AA /* Check Pods Manifest.lock */ = {
			isa = PBXShellScriptBuildPhase;
			buildActionMask = 2147483647;
			files = (
			);
			inputPaths = (
			);
			name = "Check Pods Manifest.lock";
			outputPaths = (
			);
			runOnlyForDeploymentPostprocessing = 0;
			shellPath = /bin/sh;
			shellScript = "diff \"${PODS_ROOT}/../Podfile.lock\" \"${PODS_ROOT}/Manifest.lock\" > /dev/null\nif [[ $? != 0 ]] ; then\n    cat << EOM\nerror: The sandbox is not in sync with the Podfile.lock. Run 'pod install' or update your CocoaPods installation.\nEOM\n    exit 1\nfi\n";
			showEnvVarsInLog = 0;
		};
		F834831A8D20DF04473F2FAA /* Copy Pods Resources */ = {
			isa = PBXShellScriptBuildPhase;
			buildActionMask = 2147483647;
			files = (
			);
			inputPaths = (
			);
			name = "Copy Pods Resources";
			outputPaths = (
			);
			runOnlyForDeploymentPostprocessing = 0;
			shellPath = /bin/sh;
			shellScript = "\"${SRCROOT}/Pods/Target Support Files/Pods-gridder/Pods-gridder-resources.sh\"\n";
			showEnvVarsInLog = 0;
		};
/* End PBXShellScriptBuildPhase section */

/* Begin PBXSourcesBuildPhase section */
		FA1BAB9C178D856F00FEC33A /* Sources */ = {
			isa = PBXSourcesBuildPhase;
			buildActionMask = 2147483647;
			files = (
				FA5D28F619A0F0F600075314 /* GRDAppDelegate.m in Sources */,
				FA7D5ADA18050C46004011D4 /* GameCenterManager.m in Sources */,
				FA1BABB0178D857000FEC33A /* main.m in Sources */,
				FA1BABC0178D857000FEC33A /* GRDViewController.m in Sources */,
				FA93E8291AD2A67C008F5806 /* GRDAnimator.m in Sources */,
				FA1BABCA178DE20900FEC33A /* GRDSquare.m in Sources */,
				2832D3861BF27BFD007E235A /* GRDFunctionBox.m in Sources */,
				FA1BABE11790478B00FEC33A /* GRDMenu.m in Sources */,
				FA1BABE817905F2200FEC33A /* GRDGameOverScreen.m in Sources */,
				FA03797A1791CA7600BF5251 /* GRDHowToPlay.m in Sources */,
				FA03797D1791E03F00BF5251 /* GRDCredits.m in Sources */,
				FA93E82C1AD2EBA0008F5806 /* GRDParticleEmitter.m in Sources */,
				FA0379801791E19400BF5251 /* GRDHighScores.m in Sources */,
				FA13D1DC17FAC2D90009AFE9 /* GRDCore.m in Sources */,
				28EBB9AD1BF24ECF006B5DB0 /* GRDPrimeView.m in Sources */,
				FA07DE31180002CC0021F2F7 /* GRDGlassSquare.m in Sources */,
				FA93E80C1ABEEA8C008F5806 /* GRDPrimeViewController.m in Sources */,
				FA7D5AD41801141C004011D4 /* GRDSoundPlayer.m in Sources */,
			);
			runOnlyForDeploymentPostprocessing = 0;
		};
/* End PBXSourcesBuildPhase section */

/* Begin PBXVariantGroup section */
		FA1BABAC178D857000FEC33A /* InfoPlist.strings */ = {
			isa = PBXVariantGroup;
			children = (
				FA1BABAD178D857000FEC33A /* en */,
			);
			name = InfoPlist.strings;
			sourceTree = "<group>";
		};
		FA1BABBB178D857000FEC33A /* MainStoryboard.storyboard */ = {
			isa = PBXVariantGroup;
			children = (
				FA1BABBC178D857000FEC33A /* en */,
			);
			name = MainStoryboard.storyboard;
			sourceTree = "<group>";
		};
/* End PBXVariantGroup section */

/* Begin XCBuildConfiguration section */
		FA1BABC1178D857000FEC33A /* Debug */ = {
			isa = XCBuildConfiguration;
			buildSettings = {
				ALWAYS_SEARCH_USER_PATHS = NO;
				CLANG_CXX_LANGUAGE_STANDARD = "gnu++0x";
				CLANG_CXX_LIBRARY = "libc++";
				CLANG_ENABLE_OBJC_ARC = YES;
				CLANG_WARN_CONSTANT_CONVERSION = YES;
				CLANG_WARN_EMPTY_BODY = YES;
				CLANG_WARN_ENUM_CONVERSION = YES;
				CLANG_WARN_INT_CONVERSION = YES;
				CLANG_WARN__DUPLICATE_METHOD_MATCH = YES;
				CODE_SIGN_IDENTITY = "iPhone Distribution: Joshua James (AM2B2PG72W)";
				"CODE_SIGN_IDENTITY[sdk=iphoneos*]" = "iPhone Distribution: Joshua James (AM2B2PG72W)";
				COPY_PHASE_STRIP = NO;
				GCC_C_LANGUAGE_STANDARD = gnu99;
				GCC_DYNAMIC_NO_PIC = NO;
				GCC_OPTIMIZATION_LEVEL = 0;
				GCC_PREPROCESSOR_DEFINITIONS = (
					"DEBUG=1",
					"$(inherited)",
				);
				GCC_SYMBOLS_PRIVATE_EXTERN = NO;
				GCC_WARN_ABOUT_RETURN_TYPE = YES;
				GCC_WARN_UNINITIALIZED_AUTOS = YES;
				GCC_WARN_UNUSED_VARIABLE = YES;
				IPHONEOS_DEPLOYMENT_TARGET = 7.0;
				ONLY_ACTIVE_ARCH = YES;
				PROVISIONING_PROFILE = "6DC57D4D-225D-4C45-B852-7B26909621F8";
				"PROVISIONING_PROFILE[sdk=iphoneos*]" = "6DC57D4D-225D-4C45-B852-7B26909621F8";
				SDKROOT = iphoneos;
			};
			name = Debug;
		};
		FA1BABC2178D857000FEC33A /* Release */ = {
			isa = XCBuildConfiguration;
			buildSettings = {
				ALWAYS_SEARCH_USER_PATHS = NO;
				CLANG_CXX_LANGUAGE_STANDARD = "gnu++0x";
				CLANG_CXX_LIBRARY = "libc++";
				CLANG_ENABLE_OBJC_ARC = YES;
				CLANG_WARN_CONSTANT_CONVERSION = YES;
				CLANG_WARN_EMPTY_BODY = YES;
				CLANG_WARN_ENUM_CONVERSION = YES;
				CLANG_WARN_INT_CONVERSION = YES;
				CLANG_WARN__DUPLICATE_METHOD_MATCH = YES;
				CODE_SIGN_IDENTITY = "iPhone Distribution: Joshua James (AM2B2PG72W)";
				"CODE_SIGN_IDENTITY[sdk=iphoneos*]" = "iPhone Distribution: Joshua James (AM2B2PG72W)";
				COPY_PHASE_STRIP = YES;
				GCC_C_LANGUAGE_STANDARD = gnu99;
				GCC_WARN_ABOUT_RETURN_TYPE = YES;
				GCC_WARN_UNINITIALIZED_AUTOS = YES;
				GCC_WARN_UNUSED_VARIABLE = YES;
				IPHONEOS_DEPLOYMENT_TARGET = 7.0;
				OTHER_CFLAGS = "-DNS_BLOCK_ASSERTIONS=1";
				PROVISIONING_PROFILE = "6DC57D4D-225D-4C45-B852-7B26909621F8";
				"PROVISIONING_PROFILE[sdk=iphoneos*]" = "6DC57D4D-225D-4C45-B852-7B26909621F8";
				SDKROOT = iphoneos;
				VALIDATE_PRODUCT = YES;
			};
			name = Release;
		};
		FA1BABC4178D857000FEC33A /* Debug */ = {
			isa = XCBuildConfiguration;
			baseConfigurationReference = ECE1021212F5277F5E10819C /* Pods-gridder.debug.xcconfig */;
			buildSettings = {
				ASSETCATALOG_COMPILER_LAUNCHIMAGE_NAME = LaunchImage;
				CLANG_ENABLE_MODULES = YES;
				CODE_SIGN_IDENTITY = "iPhone Developer: Josh Varghese (9V5366XT3X)";
				GCC_PRECOMPILE_PREFIX_HEADER = YES;
				GCC_PREFIX_HEADER = "gridder-Prefix.pch";
				INFOPLIST_FILE = Gridder/gridder.plist;
				IPHONEOS_DEPLOYMENT_TARGET = 7.0;
				LD_RUNPATH_SEARCH_PATHS = "$(inherited) @executable_path/Frameworks";
				PRODUCT_NAME = Gridder;
				PROVISIONING_PROFILE = "";
				SWIFT_INSTALL_OBJC_HEADER = YES;
				SWIFT_OBJC_BRIDGING_HEADER = "Gridder/gridder-Bridging-Header.h";
				SWIFT_OPTIMIZATION_LEVEL = "-Onone";
				TARGETED_DEVICE_FAMILY = 1;
				WRAPPER_EXTENSION = app;
			};
			name = Debug;
		};
		FA1BABC5178D857000FEC33A /* Release */ = {
			isa = XCBuildConfiguration;
			baseConfigurationReference = FE242326784D7FA49E14EF52 /* Pods-gridder.release.xcconfig */;
			buildSettings = {
				ASSETCATALOG_COMPILER_LAUNCHIMAGE_NAME = LaunchImage;
				CLANG_ENABLE_MODULES = YES;
				CODE_SIGN_IDENTITY = "iPhone Developer: Josh Varghese (9V5366XT3X)";
				GCC_PRECOMPILE_PREFIX_HEADER = YES;
				GCC_PREFIX_HEADER = "gridder-Prefix.pch";
				INFOPLIST_FILE = Gridder/gridder.plist;
				IPHONEOS_DEPLOYMENT_TARGET = 7.0;
				LD_RUNPATH_SEARCH_PATHS = "$(inherited) @executable_path/Frameworks";
				PRODUCT_NAME = Gridder;
				PROVISIONING_PROFILE = "";
				SWIFT_INSTALL_OBJC_HEADER = YES;
				SWIFT_OBJC_BRIDGING_HEADER = "Gridder/gridder-Bridging-Header.h";
				TARGETED_DEVICE_FAMILY = 1;
				WRAPPER_EXTENSION = app;
			};
			name = Release;
		};
/* End XCBuildConfiguration section */

/* Begin XCConfigurationList section */
		FA1BAB9B178D856F00FEC33A /* Build configuration list for PBXProject "gridder" */ = {
			isa = XCConfigurationList;
			buildConfigurations = (
				FA1BABC1178D857000FEC33A /* Debug */,
				FA1BABC2178D857000FEC33A /* Release */,
			);
			defaultConfigurationIsVisible = 0;
			defaultConfigurationName = Release;
		};
		FA1BABC3178D857000FEC33A /* Build configuration list for PBXNativeTarget "gridder" */ = {
			isa = XCConfigurationList;
			buildConfigurations = (
				FA1BABC4178D857000FEC33A /* Debug */,
				FA1BABC5178D857000FEC33A /* Release */,
			);
			defaultConfigurationIsVisible = 0;
			defaultConfigurationName = Release;
		};
/* End XCConfigurationList section */
	};
	rootObject = FA1BAB98178D856F00FEC33A /* Project object */;
}
